
Microsoft Visual Studio Solution File, Format Version 12.00
# Visual Studio Version 17
VisualStudioVersion = 17.4.33213.308
MinimumVisualStudioVersion = 10.0.40219.1
Project("{FAE04EC0-301F-11D3-BF4B-00C04F79EFBC}") = "XmlPractice", "XmlPractice\XmlPractice.csproj", "{37F91CB5-36E3-4197-AB1B-8C77890818EB}"
EndProject
Global
	GlobalSection(SolutionConfigurationPlatforms) = preSolution
		Debug|Any CPU = Debug|Any CPU
		Release|Any CPU = Release|Any CPU
	EndGlobalSection
	GlobalSection(ProjectConfigurationPlatforms) = postSolution
		{37F91CB5-36E3-4197-AB1B-8C77890818EB}.Debug|Any CPU.ActiveCfg = Debug|Any CPU
		{37F91CB5-36E3-4197-AB1B-8C77890818EB}.Debug|Any CPU.Build.0 = Debug|Any CPU
		{37F91CB5-36E3-4197-AB1B-8C77890818EB}.Release|Any CPU.ActiveCfg = Release|Any CPU
		{37F91CB5-36E3-4197-AB1B-8C77890818EB}.Release|Any CPU.Build.0 = Release|Any CPU
	EndGlobalSection
	GlobalSection(SolutionProperties) = preSolution
		HideSolutionNode = FALSE
	EndGlobalSection
	GlobalSection(ExtensibilityGlobals) = postSolution
		SolutionGuid = {EDFA4987-A638-4E03-AFFA-0358CCBE559D}
	EndGlobalSection
EndGlobal
